
Microsoft Visual Studio Solution File, Format Version 12.00
# Visual Studio 14
VisualStudioVersion = 14.0.24720.0
MinimumVisualStudioVersion = 10.0.40219.1
Project("{FAE04EC0-301F-11D3-BF4B-00C04F79EFBC}") = "Core", "Core\Core.csproj", "{FE5250C5-0FC2-443A-91B8-F1758176937C}"
EndProject
Project("{FAE04EC0-301F-11D3-BF4B-00C04F79EFBC}") = "Tests", "Tests\Tests.csproj", "{5F8CAE69-D970-47F8-87B9-71D678BF264C}"
EndProject
Project("{F2A71F9B-5D33-465A-A702-920D77279786}") = "CoreFs", "CoreFs\CoreFs.fsproj", "{4F052DCF-D575-4578-8624-82EC85C4577B}"
EndProject
Project("{F2A71F9B-5D33-465A-A702-920D77279786}") = "CoreFsTests", "CoreFsTests\CoreFsTests.fsproj", "{93A52B97-9DAE-4662-96A2-3D94B0A7BE37}"
EndProject
Project("{FAE04EC0-301F-11D3-BF4B-00C04F79EFBC}") = "Web", "Web\Web.csproj", "{7DA5BF37-1EF5-4747-A3C4-825FF85BDCEB}"
EndProject
Project("{F2A71F9B-5D33-465A-A702-920D77279786}") = "WebFs", "WebFs\WebFs.fsproj", "{189F1C43-CDC2-4F5A-9CAE-C8C6F80C61AE}"
EndProject
Global
	GlobalSection(SolutionConfigurationPlatforms) = preSolution
		Debug|Any CPU = Debug|Any CPU
		Release|Any CPU = Release|Any CPU
	EndGlobalSection
	GlobalSection(ProjectConfigurationPlatforms) = postSolution
		{FE5250C5-0FC2-443A-91B8-F1758176937C}.Debug|Any CPU.ActiveCfg = Debug|Any CPU
		{FE5250C5-0FC2-443A-91B8-F1758176937C}.Debug|Any CPU.Build.0 = Debug|Any CPU
		{FE5250C5-0FC2-443A-91B8-F1758176937C}.Release|Any CPU.ActiveCfg = Release|Any CPU
		{FE5250C5-0FC2-443A-91B8-F1758176937C}.Release|Any CPU.Build.0 = Release|Any CPU
		{5F8CAE69-D970-47F8-87B9-71D678BF264C}.Debug|Any CPU.ActiveCfg = Debug|Any CPU
		{5F8CAE69-D970-47F8-87B9-71D678BF264C}.Debug|Any CPU.Build.0 = Debug|Any CPU
		{5F8CAE69-D970-47F8-87B9-71D678BF264C}.Release|Any CPU.ActiveCfg = Release|Any CPU
		{5F8CAE69-D970-47F8-87B9-71D678BF264C}.Release|Any CPU.Build.0 = Release|Any CPU
		{4F052DCF-D575-4578-8624-82EC85C4577B}.Debug|Any CPU.ActiveCfg = Debug|Any CPU
		{4F052DCF-D575-4578-8624-82EC85C4577B}.Debug|Any CPU.Build.0 = Debug|Any CPU
		{4F052DCF-D575-4578-8624-82EC85C4577B}.Release|Any CPU.ActiveCfg = Release|Any CPU
		{4F052DCF-D575-4578-8624-82EC85C4577B}.Release|Any CPU.Build.0 = Release|Any CPU
		{93A52B97-9DAE-4662-96A2-3D94B0A7BE37}.Debug|Any CPU.ActiveCfg = Debug|Any CPU
		{93A52B97-9DAE-4662-96A2-3D94B0A7BE37}.Debug|Any CPU.Build.0 = Debug|Any CPU
		{93A52B97-9DAE-4662-96A2-3D94B0A7BE37}.Release|Any CPU.ActiveCfg = Release|Any CPU
		{93A52B97-9DAE-4662-96A2-3D94B0A7BE37}.Release|Any CPU.Build.0 = Release|Any CPU
		{7DA5BF37-1EF5-4747-A3C4-825FF85BDCEB}.Debug|Any CPU.ActiveCfg = Debug|Any CPU
		{7DA5BF37-1EF5-4747-A3C4-825FF85BDCEB}.Debug|Any CPU.Build.0 = Debug|Any CPU
		{7DA5BF37-1EF5-4747-A3C4-825FF85BDCEB}.Release|Any CPU.ActiveCfg = Release|Any CPU
		{7DA5BF37-1EF5-4747-A3C4-825FF85BDCEB}.Release|Any CPU.Build.0 = Release|Any CPU
		{189F1C43-CDC2-4F5A-9CAE-C8C6F80C61AE}.Debug|Any CPU.ActiveCfg = Debug|Any CPU
		{189F1C43-CDC2-4F5A-9CAE-C8C6F80C61AE}.Debug|Any CPU.Build.0 = Debug|Any CPU
		{189F1C43-CDC2-4F5A-9CAE-C8C6F80C61AE}.Release|Any CPU.ActiveCfg = Release|Any CPU
		{189F1C43-CDC2-4F5A-9CAE-C8C6F80C61AE}.Release|Any CPU.Build.0 = Release|Any CPU
	EndGlobalSection
	GlobalSection(SolutionProperties) = preSolution
		HideSolutionNode = FALSE
	EndGlobalSection
EndGlobal
